
Microsoft Visual Studio Solution File, Format Version 12.00
# Visual Studio 15
VisualStudioVersion = 15.0.27703.2000
MinimumVisualStudioVersion = 10.0.40219.1
Project("{FAE04EC0-301F-11D3-BF4B-00C04F79EFBC}") = "sportex.backoffice", "sportex.backoffice\sportex.backoffice.csproj", "{F0DFB3B3-3044-46CF-9CD9-78C3828725E5}"
EndProject
Global
	GlobalSection(SolutionConfigurationPlatforms) = preSolution
		Debug|Any CPU = Debug|Any CPU
		Release|Any CPU = Release|Any CPU
	EndGlobalSection
	GlobalSection(ProjectConfigurationPlatforms) = postSolution
		{F0DFB3B3-3044-46CF-9CD9-78C3828725E5}.Debug|Any CPU.ActiveCfg = Debug|Any CPU
		{F0DFB3B3-3044-46CF-9CD9-78C3828725E5}.Debug|Any CPU.Build.0 = Debug|Any CPU
		{F0DFB3B3-3044-46CF-9CD9-78C3828725E5}.Release|Any CPU.ActiveCfg = Release|Any CPU
		{F0DFB3B3-3044-46CF-9CD9-78C3828725E5}.Release|Any CPU.Build.0 = Release|Any CPU
	EndGlobalSection
	GlobalSection(SolutionProperties) = preSolution
		HideSolutionNode = FALSE
	EndGlobalSection
	GlobalSection(ExtensibilityGlobals) = postSolution
		SolutionGuid = {11A2CC67-121B-4689-9E21-159ECF8B05B0}
	EndGlobalSection
EndGlobal
